{
  "name": "oauth-redirect-relay-broker-lambda",
  "lockfileVersion": 3,
  "requires": true,
  "packages": {
    "": {
      "name": "oauth-redirect-relay-broker-lambda",
      "dependencies": {
        "oauth-redirect-relay": "^0.1.0"
      }
    },
    "node_modules/oauth-redirect-relay": {
      "version": "0.1.0",
      "resolved": "https://registry.npmjs.org/oauth-redirect-relay/-/oauth-redirect-relay-0.1.0.tgz",
      "integrity": "sha512-SfBJXblzc6hLmC12lYzMCOnLTaYR8kfe+Ggt3n0/UuvKk8dtRxGYbkCuW1yJrIMADLgjiFV9GMCkoDPZi/p/CQ==",
      "license": "MIT"
    }
  }
}
